// !$*UTF8*$!
{
	archiveVersion = 1;
	classes = {
	};
	objectVersion = 77;
	objects = {

/* Begin PBXContainerItemProxy section */
		90D963592EF9D117000A9CCA /* PBXContainerItemProxy */ = {
			isa = PBXContainerItemProxy;
			containerPortal = 90D963432EF9D116000A9CCA /* Project object */;
			proxyType = 1;
			remoteGlobalIDString = 90D9634A2EF9D116000A9CCA;
			remoteInfo = VisionOS_PhotosPro;
		};
		90D963632EF9D117000A9CCA /* PBXContainerItemProxy */ = {
			isa = PBXContainerItemProxy;
			containerPortal = 90D963432EF9D116000A9CCA /* Project object */;
			proxyType = 1;
			remoteGlobalIDString = 90D9634A2EF9D116000A9CCA;
			remoteInfo = VisionOS_PhotosPro;
		};
/* End PBXContainerItemProxy section */

/* Begin PBXFileReference section */
		90D9634B2EF9D116000A9CCA /* VisionOS_PhotosPro.app */ = {isa = PBXFileReference; explicitFileType = wrapper.application; includeInIndex = 0; path = VisionOS_PhotosPro.app; sourceTree = BUILT_PRODUCTS_DIR; };
		90D963582EF9D117000A9CCA /* VisionOS_PhotosProTests.xctest */ = {isa = PBXFileReference; explicitFileType = wrapper.cfbundle; includeInIndex = 0; path = VisionOS_PhotosProTests.xctest; sourceTree = BUILT_PRODUCTS_DIR; };
		90D963622EF9D117000A9CCA /* VisionOS_PhotosProUITests.xctest */ = {isa = PBXFileReference; explicitFileType = wrapper.cfbundle; includeInIndex = 0; path = VisionOS_PhotosProUITests.xctest; sourceTree = BUILT_PRODUCTS_DIR; };
/* End PBXFileReference section */

/* Begin PBXFileSystemSynchronizedRootGroup section */
		90D9634D2EF9D116000A9CCA /* VisionOS_PhotosPro */ = {
			isa = PBXFileSystemSynchronizedRootGroup;
			path = VisionOS_PhotosPro;
			sourceTree = "<group>";
		};
		90D9635B2EF9D117000A9CCA /* VisionOS_PhotosProTests */ = {
			isa = PBXFileSystemSynchronizedRootGroup;
			path = VisionOS_PhotosProTests;
			sourceTree = "<group>";
		};
		90D963652EF9D117000A9CCA /* VisionOS_PhotosProUITests */ = {
			isa = PBXFileSystemSynchronizedRootGroup;
			path = VisionOS_PhotosProUITests;
			sourceTree = "<group>";
		};
/* End PBXFileSystemSynchronizedRootGroup section */

/* Begin PBXFrameworksBuildPhase section */
		90D963482EF9D116000A9CCA /* Frameworks */ = {
			isa = PBXFrameworksBuildPhase;
			buildActionMask = 2147483647;
			files = (
			);
			runOnlyForDeploymentPostprocessing = 0;
		};
		90D963552EF9D117000A9CCA /* Frameworks */ = {
			isa = PBXFrameworksBuildPhase;
			buildActionMask = 2147483647;
			files = (
			);
			runOnlyForDeploymentPostprocessing = 0;
		};
		90D9635F2EF9D117000A9CCA /* Frameworks */ = {
			isa = PBXFrameworksBuildPhase;
			buildActionMask = 2147483647;
			files = (
			);
			runOnlyForDeploymentPostprocessing = 0;
		};
/* End PBXFrameworksBuildPhase section */

/* Begin PBXGroup section */
		90D963422EF9D116000A9CCA = {
			isa = PBXGroup;
			children = (
				90D9634D2EF9D116000A9CCA /* VisionOS_PhotosPro */,
				90D9635B2EF9D117000A9CCA /* VisionOS_PhotosProTests */,
				90D963652EF9D117000A9CCA /* VisionOS_PhotosProUITests */,
				90D9634C2EF9D116000A9CCA /* Products */,
			);
			sourceTree = "<group>";
		};
		90D9634C2EF9D116000A9CCA /* Products */ = {
			isa = PBXGroup;
			children = (
				90D9634B2EF9D116000A9CCA /* VisionOS_PhotosPro.app */,
				90D963582EF9D117000A9CCA /* VisionOS_PhotosProTests.xctest */,
				90D963622EF9D117000A9CCA /* VisionOS_PhotosProUITests.xctest */,
			);
			name = Products;
			sourceTree = "<group>";
		};
/* End PBXGroup section */

/* Begin PBXNativeTarget section */
		90D9634A2EF9D116000A9CCA /* VisionOS_PhotosPro */ = {
			isa = PBXNativeTarget;
			buildConfigurationList = 90D9636C2EF9D117000A9CCA /* Build configuration list for PBXNativeTarget "VisionOS_PhotosPro" */;
			buildPhases = (
				90D963472EF9D116000A9CCA /* Sources */,
				90D963482EF9D116000A9CCA /* Frameworks */,
				90D963492EF9D116000A9CCA /* Resources */,
			);
			buildRules = (
			);
			dependencies = (
			);
			fileSystemSynchronizedGroups = (
				90D9634D2EF9D116000A9CCA /* VisionOS_PhotosPro */,
			);
			name = VisionOS_PhotosPro;
			packageProductDependencies = (
			);
			productName = VisionOS_PhotosPro;
			productReference = 90D9634B2EF9D116000A9CCA /* VisionOS_PhotosPro.app */;
			productType = "com.apple.product-type.application";
		};
		90D963572EF9D117000A9CCA /* VisionOS_PhotosProTests */ = {
			isa = PBXNativeTarget;
			buildConfigurationList = 90D9636F2EF9D117000A9CCA /* Build configuration list for PBXNativeTarget "VisionOS_PhotosProTests" */;
			buildPhases = (
				90D963542EF9D117000A9CCA /* Sources */,
				90D963552EF9D117000A9CCA /* Frameworks */,
				90D963562EF9D117000A9CCA /* Resources */,
			);
			buildRules = (
			);
			dependencies = (
				90D9635A2EF9D117000A9CCA /* PBXTargetDependency */,
			);
			fileSystemSynchronizedGroups = (
				90D9635B2EF9D117000A9CCA /* VisionOS_PhotosProTests */,
			);
			name = VisionOS_PhotosProTests;
			packageProductDependencies = (
			);
			productName = VisionOS_PhotosProTests;
			productReference = 90D963582EF9D117000A9CCA /* VisionOS_PhotosProTests.xctest */;
			productType = "com.apple.product-type.bundle.unit-test";
		};
		90D963612EF9D117000A9CCA /* VisionOS_PhotosProUITests */ = {
			isa = PBXNativeTarget;
			buildConfigurationList = 90D963722EF9D117000A9CCA /* Build configuration list for PBXNativeTarget "VisionOS_PhotosProUITests" */;
			buildPhases = (
				90D9635E2EF9D117000A9CCA /* Sources */,
				90D9635F2EF9D117000A9CCA /* Frameworks */,
				90D963602EF9D117000A9CCA /* Resources */,
			);
			buildRules = (
			);
			dependencies = (
				90D963642EF9D117000A9CCA /* PBXTargetDependency */,
			);
			fileSystemSynchronizedGroups = (
				90D963652EF9D117000A9CCA /* VisionOS_PhotosProUITests */,
			);
			name = VisionOS_PhotosProUITests;
			packageProductDependencies = (
			);
			productName = VisionOS_PhotosProUITests;
			productReference = 90D963622EF9D117000A9CCA /* VisionOS_PhotosProUITests.xctest */;
			productType = "com.apple.product-type.bundle.ui-testing";
		};
/* End PBXNativeTarget section */

/* Begin PBXProject section */
		90D963432EF9D116000A9CCA /* Project object */ = {
			isa = PBXProject;
			attributes = {
				BuildIndependentTargetsInParallel = 1;
				LastSwiftUpdateCheck = 2610;
				LastUpgradeCheck = 2610;
				TargetAttributes = {
					90D9634A2EF9D116000A9CCA = {
						CreatedOnToolsVersion = 26.1;
					};
					90D963572EF9D117000A9CCA = {
						CreatedOnToolsVersion = 26.1;
						TestTargetID = 90D9634A2EF9D116000A9CCA;
					};
					90D963612EF9D117000A9CCA = {
						CreatedOnToolsVersion = 26.1;
						TestTargetID = 90D9634A2EF9D116000A9CCA;
					};
				};
			};
			buildConfigurationList = 90D963462EF9D116000A9CCA /* Build configuration list for PBXProject "VisionOS_PhotosPro" */;
			developmentRegion = en;
			hasScannedForEncodings = 0;
			knownRegions = (
				en,
				Base,
			);
			mainGroup = 90D963422EF9D116000A9CCA;
			minimizedProjectReferenceProxies = 1;
			preferredProjectObjectVersion = 77;
			productRefGroup = 90D9634C2EF9D116000A9CCA /* Products */;
			projectDirPath = "";
			projectRoot = "";
			targets = (
				90D9634A2EF9D116000A9CCA /* VisionOS_PhotosPro */,
				90D963572EF9D117000A9CCA /* VisionOS_PhotosProTests */,
				90D963612EF9D117000A9CCA /* VisionOS_PhotosProUITests */,
			);
		};
/* End PBXProject section */

/* Begin PBXResourcesBuildPhase section */
		90D963492EF9D116000A9CCA /* Resources */ = {
			isa = PBXResourcesBuildPhase;
			buildActionMask = 2147483647;
			files = (
			);
			runOnlyForDeploymentPostprocessing = 0;
		};
		90D963562EF9D117000A9CCA /* Resources */ = {
			isa = PBXResourcesBuildPhase;
			buildActionMask = 2147483647;
			files = (
			);
			runOnlyForDeploymentPostprocessing = 0;
		};
		90D963602EF9D117000A9CCA /* Resources */ = {
			isa = PBXResourcesBuildPhase;
			buildActionMask = 2147483647;
			files = (
			);
			runOnlyForDeploymentPostprocessing = 0;
		};
/* End PBXResourcesBuildPhase section */

/* Begin PBXSourcesBuildPhase section */
		90D963472EF9D116000A9CCA /* Sources */ = {
			isa = PBXSourcesBuildPhase;
			buildActionMask = 2147483647;
			files = (
			);
			runOnlyForDeploymentPostprocessing = 0;
		};
		90D963542EF9D117000A9CCA /* Sources */ = {
			isa = PBXSourcesBuildPhase;
			buildActionMask = 2147483647;
			files = (
			);
			runOnlyForDeploymentPostprocessing = 0;
		};
		90D9635E2EF9D117000A9CCA /* Sources */ = {
			isa = PBXSourcesBuildPhase;
			buildActionMask = 2147483647;
			files = (
			);
			runOnlyForDeploymentPostprocessing = 0;
		};
/* End PBXSourcesBuildPhase section */

/* Begin PBXTargetDependency section */
		90D9635A2EF9D117000A9CCA /* PBXTargetDependency */ = {
			isa = PBXTargetDependency;
			target = 90D9634A2EF9D116000A9CCA /* VisionOS_PhotosPro */;
			targetProxy = 90D963592EF9D117000A9CCA /* PBXContainerItemProxy */;
		};
		90D963642EF9D117000A9CCA /* PBXTargetDependency */ = {
			isa = PBXTargetDependency;
			target = 90D9634A2EF9D116000A9CCA /* VisionOS_PhotosPro */;
			targetProxy = 90D963632EF9D117000A9CCA /* PBXContainerItemProxy */;
		};
/* End PBXTargetDependency section */

/* Begin XCBuildConfiguration section */
		90D9636A2EF9D117000A9CCA /* Debug */ = {
			isa = XCBuildConfiguration;
			baseConfigurationReferenceAnchor = 90D9634D2EF9D116000A9CCA /* VisionOS_PhotosPro */;
			baseConfigurationReferenceRelativePath = Resources/Config.xcconfig;
			buildSettings = {
				ALWAYS_SEARCH_USER_PATHS = NO;
				ASSETCATALOG_COMPILER_GENERATE_SWIFT_ASSET_SYMBOL_EXTENSIONS = YES;
				CLANG_ANALYZER_NONNULL = YES;
				CLANG_ANALYZER_NUMBER_OBJECT_CONVERSION = YES_AGGRESSIVE;
				CLANG_CXX_LANGUAGE_STANDARD = "gnu++20";
				CLANG_ENABLE_MODULES = YES;
				CLANG_ENABLE_OBJC_ARC = YES;
				CLANG_ENABLE_OBJC_WEAK = YES;
				CLANG_WARN_BLOCK_CAPTURE_AUTORELEASING = YES;
				CLANG_WARN_BOOL_CONVERSION = YES;
				CLANG_WARN_COMMA = YES;
				CLANG_WARN_CONSTANT_CONVERSION = YES;
				CLANG_WARN_DEPRECATED_OBJC_IMPLEMENTATIONS = YES;
				CLANG_WARN_DIRECT_OBJC_ISA_USAGE = YES_ERROR;
				CLANG_WARN_DOCUMENTATION_COMMENTS = YES;
				CLANG_WARN_EMPTY_BODY = YES;
				CLANG_WARN_ENUM_CONVERSION = YES;
				CLANG_WARN_INFINITE_RECURSION = YES;
				CLANG_WARN_INT_CONVERSION = YES;
				CLANG_WARN_NON_LITERAL_NULL_CONVERSION = YES;
				CLANG_WARN_OBJC_IMPLICIT_RETAIN_SELF = YES;
				CLANG_WARN_OBJC_LITERAL_CONVERSION = YES;
				CLANG_WARN_OBJC_ROOT_CLASS = YES_ERROR;
				CLANG_WARN_QUOTED_INCLUDE_IN_FRAMEWORK_HEADER = YES;
				CLANG_WARN_RANGE_LOOP_ANALYSIS = YES;
				CLANG_WARN_STRICT_PROTOTYPES = YES;
				CLANG_WARN_SUSPICIOUS_MOVE = YES;
				CLANG_WARN_UNGUARDED_AVAILABILITY = YES_AGGRESSIVE;
				CLANG_WARN_UNREACHABLE_CODE = YES;
				CLANG_WARN__DUPLICATE_METHOD_MATCH = YES;
				COPY_PHASE_STRIP = NO;
				DEBUG_INFORMATION_FORMAT = dwarf;
				DEVELOPMENT_ASSET_PATHS = VisionOS_PhotosPro/PreviewContent;
				DEVELOPMENT_TEAM = G3B2ACWEFM;
				ENABLE_STRICT_OBJC_MSGSEND = YES;
				ENABLE_TESTABILITY = YES;
				ENABLE_USER_SCRIPT_SANDBOXING = YES;
				GCC_C_LANGUAGE_STANDARD = gnu17;
				GCC_DYNAMIC_NO_PIC = NO;
				GCC_NO_COMMON_BLOCKS = YES;
				GCC_OPTIMIZATION_LEVEL = 0;
				GCC_PREPROCESSOR_DEFINITIONS = (
					"DEBUG=1",
					"$(inherited)",
				);
				GCC_WARN_64_TO_32_BIT_CONVERSION = YES;
				GCC_WARN_ABOUT_RETURN_TYPE = YES_ERROR;
				GCC_WARN_UNDECLARED_SELECTOR = YES;
				GCC_WARN_UNINITIALIZED_AUTOS = YES_AGGRESSIVE;
				GCC_WARN_UNUSED_FUNCTION = YES;
				GCC_WARN_UNUSED_VARIABLE = YES;
				IPHONEOS_DEPLOYMENT_TARGET = 26.1;
				LOCALIZATION_PREFERS_STRING_CATALOGS = YES;
				MTL_ENABLE_DEBUG_INFO = INCLUDE_SOURCE;
				MTL_FAST_MATH = YES;
				ONLY_ACTIVE_ARCH = YES;
				SDKROOT = iphoneos;
				SWIFT_ACTIVE_COMPILATION_CONDITIONS = "DEBUG $(inherited)";
				SWIFT_OPTIMIZATION_LEVEL = "-Onone";
			};
			name = Debug;
		};
		90D9636B2EF9D117000A9CCA /* Release */ = {
			isa = XCBuildConfiguration;
			buildSettings = {
				ALWAYS_SEARCH_USER_PATHS = NO;
				ASSETCATALOG_COMPILER_GENERATE_SWIFT_ASSET_SYMBOL_EXTENSIONS = YES;
				CLANG_ANALYZER_NONNULL = YES;
				CLANG_ANALYZER_NUMBER_OBJECT_CONVERSION = YES_AGGRESSIVE;
				CLANG_CXX_LANGUAGE_STANDARD = "gnu++20";
				CLANG_ENABLE_MODULES = YES;
				CLANG_ENABLE_OBJC_ARC = YES;
				CLANG_ENABLE_OBJC_WEAK = YES;
				CLANG_WARN_BLOCK_CAPTURE_AUTORELEASING = YES;
				CLANG_WARN_BOOL_CONVERSION = YES;
				CLANG_WARN_COMMA = YES;
				CLANG_WARN_CONSTANT_CONVERSION = YES;
				CLANG_WARN_DEPRECATED_OBJC_IMPLEMENTATIONS = YES;
				CLANG_WARN_DIRECT_OBJC_ISA_USAGE = YES_ERROR;
				CLANG_WARN_DOCUMENTATION_COMMENTS = YES;
				CLANG_WARN_EMPTY_BODY = YES;
				CLANG_WARN_ENUM_CONVERSION = YES;
				CLANG_WARN_INFINITE_RECURSION = YES;
				CLANG_WARN_INT_CONVERSION = YES;
				CLANG_WARN_NON_LITERAL_NULL_CONVERSION = YES;
				CLANG_WARN_OBJC_IMPLICIT_RETAIN_SELF = YES;
				CLANG_WARN_OBJC_LITERAL_CONVERSION = YES;
				CLANG_WARN_OBJC_ROOT_CLASS = YES_ERROR;
				CLANG_WARN_QUOTED_INCLUDE_IN_FRAMEWORK_HEADER = YES;
				CLANG_WARN_RANGE_LOOP_ANALYSIS = YES;
				CLANG_WARN_STRICT_PROTOTYPES = YES;
				CLANG_WARN_SUSPICIOUS_MOVE = YES;
				CLANG_WARN_UNGUARDED_AVAILABILITY = YES_AGGRESSIVE;
				CLANG_WARN_UNREACHABLE_CODE = YES;
				CLANG_WARN__DUPLICATE_METHOD_MATCH = YES;
				COPY_PHASE_STRIP = NO;
				DEBUG_INFORMATION_FORMAT = "dwarf-with-dsym";
				DEVELOPMENT_ASSET_PATHS = VisionOS_PhotosPro/PreviewContent;
				DEVELOPMENT_TEAM = G3B2ACWEFM;
				ENABLE_NS_ASSERTIONS = NO;
				ENABLE_STRICT_OBJC_MSGSEND = YES;
				ENABLE_USER_SCRIPT_SANDBOXING = YES;
				GCC_C_LANGUAGE_STANDARD = gnu17;
				GCC_NO_COMMON_BLOCKS = YES;
				GCC_WARN_64_TO_32_BIT_CONVERSION = YES;
				GCC_WARN_ABOUT_RETURN_TYPE = YES_ERROR;
				GCC_WARN_UNDECLARED_SELECTOR = YES;
				GCC_WARN_UNINITIALIZED_AUTOS = YES_AGGRESSIVE;
				GCC_WARN_UNUSED_FUNCTION = YES;
				GCC_WARN_UNUSED_VARIABLE = YES;
				IPHONEOS_DEPLOYMENT_TARGET = 26.1;
				LOCALIZATION_PREFERS_STRING_CATALOGS = YES;
				MTL_ENABLE_DEBUG_INFO = NO;
				MTL_FAST_MATH = YES;
				SDKROOT = iphoneos;
				SWIFT_COMPILATION_MODE = wholemodule;
				VALIDATE_PRODUCT = YES;
			};
			name = Release;
		};
		90D9636D2EF9D117000A9CCA /* Debug */ = {
			isa = XCBuildConfiguration;
			baseConfigurationReferenceAnchor = 90D9634D2EF9D116000A9CCA /* VisionOS_PhotosPro */;
			baseConfigurationReferenceRelativePath = Resources/Config.xcconfig;
			buildSettings = {
				ASSETCATALOG_COMPILER_APPICON_NAME = AppIcon;
				ASSETCATALOG_COMPILER_GLOBAL_ACCENT_COLOR_NAME = AccentColor;
				CODE_SIGN_STYLE = Automatic;
				CURRENT_PROJECT_VERSION = 1;
				DEVELOPMENT_ASSET_PATHS = "";
				DEVELOPMENT_TEAM = G3B2ACWEFM;
				ENABLE_PREVIEWS = YES;
				GENERATE_INFOPLIST_FILE = YES;
				INFOPLIST_FILE = "VisionOS-PhotosPro-Info.plist";
				INFOPLIST_KEY_UIApplicationSceneManifest_Generation = YES;
				INFOPLIST_KEY_UIApplicationSupportsIndirectInputEvents = YES;
				INFOPLIST_KEY_UILaunchScreen_Generation = YES;
				INFOPLIST_KEY_UISupportedInterfaceOrientations_iPad = "UIInterfaceOrientationPortrait UIInterfaceOrientationPortraitUpsideDown UIInterfaceOrientationLandscapeLeft UIInterfaceOrientationLandscapeRight";
				INFOPLIST_KEY_UISupportedInterfaceOrientations_iPhone = "UIInterfaceOrientationPortrait UIInterfaceOrientationLandscapeLeft UIInterfaceOrientationLandscapeRight";
				LD_RUNPATH_SEARCH_PATHS = (
					"$(inherited)",
					"@executable_path/Frameworks",
				);
				MARKETING_VERSION = 1.0;
				PRODUCT_BUNDLE_IDENTIFIER = "com.alquimia.VisionOS-PhotosPro";
				PRODUCT_NAME = "$(TARGET_NAME)";
				STRING_CATALOG_GENERATE_SYMBOLS = YES;
				SWIFT_APPROACHABLE_CONCURRENCY = YES;
				SWIFT_DEFAULT_ACTOR_ISOLATION = MainActor;
				SWIFT_EMIT_LOC_STRINGS = YES;
				SWIFT_UPCOMING_FEATURE_MEMBER_IMPORT_VISIBILITY = YES;
				SWIFT_VERSION = 5.0;
				TARGETED_DEVICE_FAMILY = "1,2";
			};
			name = Debug;
		};
		90D9636E2EF9D117000A9CCA /* Release */ = {
			isa = XCBuildConfiguration;
			buildSettings = {
				ASSETCATALOG_COMPILER_APPICON_NAME = AppIcon;
				ASSETCATALOG_COMPILER_GLOBAL_ACCENT_COLOR_NAME = AccentColor;
				CODE_SIGN_STYLE = Automatic;
				CURRENT_PROJECT_VERSION = 1;
				DEVELOPMENT_TEAM = G3B2ACWEFM;
				ENABLE_PREVIEWS = YES;
				GENERATE_INFOPLIST_FILE = YES;
				INFOPLIST_FILE = "VisionOS-PhotosPro-Info.plist";
				INFOPLIST_KEY_UIApplicationSceneManifest_Generation = YES;
				INFOPLIST_KEY_UIApplicationSupportsIndirectInputEvents = YES;
				INFOPLIST_KEY_UILaunchScreen_Generation = YES;
				INFOPLIST_KEY_UISupportedInterfaceOrientations_iPad = "UIInterfaceOrientationPortrait UIInterfaceOrientationPortraitUpsideDown UIInterfaceOrientationLandscapeLeft UIInterfaceOrientationLandscapeRight";
				INFOPLIST_KEY_UISupportedInterfaceOrientations_iPhone = "UIInterfaceOrientationPortrait UIInterfaceOrientationLandscapeLeft UIInterfaceOrientationLandscapeRight";
				LD_RUNPATH_SEARCH_PATHS = (
					"$(inherited)",
					"@executable_path/Frameworks",
				);
				MARKETING_VERSION = 1.0;
				PRODUCT_BUNDLE_IDENTIFIER = "com.alquimia.VisionOS-PhotosPro";
				PRODUCT_NAME = "$(TARGET_NAME)";
				STRING_CATALOG_GENERATE_SYMBOLS = YES;
				SWIFT_APPROACHABLE_CONCURRENCY = YES;
				SWIFT_DEFAULT_ACTOR_ISOLATION = MainActor;
				SWIFT_EMIT_LOC_STRINGS = YES;
				SWIFT_UPCOMING_FEATURE_MEMBER_IMPORT_VISIBILITY = YES;
				SWIFT_VERSION = 5.0;
				TARGETED_DEVICE_FAMILY = "1,2";
			};
			name = Release;
		};
		90D963702EF9D117000A9CCA /* Debug */ = {
			isa = XCBuildConfiguration;
			baseConfigurationReferenceAnchor = 90D9634D2EF9D116000A9CCA /* VisionOS_PhotosPro */;
			baseConfigurationReferenceRelativePath = Resources/Config.xcconfig;
			buildSettings = {
				BUNDLE_LOADER = "$(TEST_HOST)";
				CODE_SIGN_STYLE = Automatic;
				CURRENT_PROJECT_VERSION = 1;
				DEVELOPMENT_TEAM = G3B2ACWEFM;
				GENERATE_INFOPLIST_FILE = YES;
				IPHONEOS_DEPLOYMENT_TARGET = 26.1;
				MARKETING_VERSION = 1.0;
				PRODUCT_BUNDLE_IDENTIFIER = "com.alquimia.VisionOS-PhotosProTests";
				PRODUCT_NAME = "$(TARGET_NAME)";
				STRING_CATALOG_GENERATE_SYMBOLS = NO;
				SWIFT_APPROACHABLE_CONCURRENCY = YES;
				SWIFT_EMIT_LOC_STRINGS = NO;
				SWIFT_UPCOMING_FEATURE_MEMBER_IMPORT_VISIBILITY = YES;
				SWIFT_VERSION = 5.0;
				TARGETED_DEVICE_FAMILY = "1,2";
				TEST_HOST = "$(BUILT_PRODUCTS_DIR)/VisionOS_PhotosPro.app/$(BUNDLE_EXECUTABLE_FOLDER_PATH)/VisionOS_PhotosPro";
			};
			name = Debug;
		};
		90D963712EF9D117000A9CCA /* Release */ = {
			isa = XCBuildConfiguration;
			buildSettings = {
				BUNDLE_LOADER = "$(TEST_HOST)";
				CODE_SIGN_STYLE = Automatic;
				CURRENT_PROJECT_VERSION = 1;
				DEVELOPMENT_TEAM = G3B2ACWEFM;
				GENERATE_INFOPLIST_FILE = YES;
				IPHONEOS_DEPLOYMENT_TARGET = 26.1;
				MARKETING_VERSION = 1.0;
				PRODUCT_BUNDLE_IDENTIFIER = "com.alquimia.VisionOS-PhotosProTests";
				PRODUCT_NAME = "$(TARGET_NAME)";
				STRING_CATALOG_GENERATE_SYMBOLS = NO;
				SWIFT_APPROACHABLE_CONCURRENCY = YES;
				SWIFT_EMIT_LOC_STRINGS = NO;
				SWIFT_UPCOMING_FEATURE_MEMBER_IMPORT_VISIBILITY = YES;
				SWIFT_VERSION = 5.0;
				TARGETED_DEVICE_FAMILY = "1,2";
				TEST_HOST = "$(BUILT_PRODUCTS_DIR)/VisionOS_PhotosPro.app/$(BUNDLE_EXECUTABLE_FOLDER_PATH)/VisionOS_PhotosPro";
			};
			name = Release;
		};
		90D963732EF9D117000A9CCA /* Debug */ = {
			isa = XCBuildConfiguration;
			baseConfigurationReferenceAnchor = 90D9634D2EF9D116000A9CCA /* VisionOS_PhotosPro */;
			baseConfigurationReferenceRelativePath = Resources/Config.xcconfig;
			buildSettings = {
				CODE_SIGN_STYLE = Automatic;
				CURRENT_PROJECT_VERSION = 1;
				DEVELOPMENT_TEAM = G3B2ACWEFM;
				GENERATE_INFOPLIST_FILE = YES;
				MARKETING_VERSION = 1.0;
				PRODUCT_BUNDLE_IDENTIFIER = "com.alquimia.VisionOS-PhotosProUITests";
				PRODUCT_NAME = "$(TARGET_NAME)";
				STRING_CATALOG_GENERATE_SYMBOLS = NO;
				SWIFT_APPROACHABLE_CONCURRENCY = YES;
				SWIFT_EMIT_LOC_STRINGS = NO;
				SWIFT_UPCOMING_FEATURE_MEMBER_IMPORT_VISIBILITY = YES;
				SWIFT_VERSION = 5.0;
				TARGETED_DEVICE_FAMILY = "1,2";
				TEST_TARGET_NAME = VisionOS_PhotosPro;
			};
			name = Debug;
		};
		90D963742EF9D117000A9CCA /* Release */ = {
			isa = XCBuildConfiguration;
			buildSettings = {
				CODE_SIGN_STYLE = Automatic;
				CURRENT_PROJECT_VERSION = 1;
				DEVELOPMENT_TEAM = G3B2ACWEFM;
				GENERATE_INFOPLIST_FILE = YES;
				MARKETING_VERSION = 1.0;
				PRODUCT_BUNDLE_IDENTIFIER = "com.alquimia.VisionOS-PhotosProUITests";
				PRODUCT_NAME = "$(TARGET_NAME)";
				STRING_CATALOG_GENERATE_SYMBOLS = NO;
				SWIFT_APPROACHABLE_CONCURRENCY = YES;
				SWIFT_EMIT_LOC_STRINGS = NO;
				SWIFT_UPCOMING_FEATURE_MEMBER_IMPORT_VISIBILITY = YES;
				SWIFT_VERSION = 5.0;
				TARGETED_DEVICE_FAMILY = "1,2";
				TEST_TARGET_NAME = VisionOS_PhotosPro;
			};
			name = Release;
		};
/* End XCBuildConfiguration section */

/* Begin XCConfigurationList section */
		90D963462EF9D116000A9CCA /* Build configuration list for PBXProject "VisionOS_PhotosPro" */ = {
			isa = XCConfigurationList;
			buildConfigurations = (
				90D9636A2EF9D117000A9CCA /* Debug */,
				90D9636B2EF9D117000A9CCA /* Release */,
			);
			defaultConfigurationIsVisible = 0;
			defaultConfigurationName = Release;
		};
		90D9636C2EF9D117000A9CCA /* Build configuration list for PBXNativeTarget "VisionOS_PhotosPro" */ = {
			isa = XCConfigurationList;
			buildConfigurations = (
				90D9636D2EF9D117000A9CCA /* Debug */,
				90D9636E2EF9D117000A9CCA /* Release */,
			);
			defaultConfigurationIsVisible = 0;
			defaultConfigurationName = Release;
		};
		90D9636F2EF9D117000A9CCA /* Build configuration list for PBXNativeTarget "VisionOS_PhotosProTests" */ = {
			isa = XCConfigurationList;
			buildConfigurations = (
				90D963702EF9D117000A9CCA /* Debug */,
				90D963712EF9D117000A9CCA /* Release */,
			);
			defaultConfigurationIsVisible = 0;
			defaultConfigurationName = Release;
		};
		90D963722EF9D117000A9CCA /* Build configuration list for PBXNativeTarget "VisionOS_PhotosProUITests" */ = {
			isa = XCConfigurationList;
			buildConfigurations = (
				90D963732EF9D117000A9CCA /* Debug */,
				90D963742EF9D117000A9CCA /* Release */,
			);
			defaultConfigurationIsVisible = 0;
			defaultConfigurationName = Release;
		};
/* End XCConfigurationList section */
	};
	rootObject = 90D963432EF9D116000A9CCA /* Project object */;
}
